# THIS IS AN AUTOGENERATED FILE. DO NOT EDIT THIS FILE DIRECTLY.
# yarn lockfile v1


dotenv@^16.0.3:
  version "16.0.3"
  resolved "https://registry.yarnpkg.com/dotenv/-/dotenv-16.0.3.tgz#115aec42bac5053db3c456db30cc243a5a836a07"
  integrity sha512-7GO6HghkA5fYG9TYnNxi14/7K9f5occMlp3zXAuSxn7CKCxt9xbNWG7yF8hTCSUchlfWSe3uLmlPfigevRItzQ==

node-bin-setup@^1.0.0:
  version "1.1.3"
  resolved "https://registry.yarnpkg.com/node-bin-setup/-/node-bin-setup-1.1.3.tgz#d45d5220e3b2ecc3a94263a56116f727f6c1bb14"
  integrity sha512-opgw9iSCAzT2+6wJOETCpeRYAQxSopqQ2z+N6BXwIMsQQ7Zj5M8MaafQY8JMlolRR6R1UXg2WmhKp0p9lSOivg==

node@^18.13.0:
  version "18.13.0"
  resolved "https://registry.yarnpkg.com/node/-/node-18.13.0.tgz#7b1456a627db1f6f533ff9fa3d1e90b2b5d6c293"
  integrity sha512-VlHOpdEHbc7iCzrLQXQXIXYCLmYppvt2GgD4NVAlm/wHgI3tIEnVprheF7qE2ptj4Iu4k2HMb/iCuW4EOoQNGg==
  dependencies:
    node-bin-setup "^1.0.0"
